
Microsoft Visual Studio Solution File, Format Version 12.00
# Visual Studio Version 16
VisualStudioVersion = 16.0.29009.5
MinimumVisualStudioVersion = 10.0.40219.1
Project("{FAE04EC0-301F-11D3-BF4B-00C04F79EFBC}") = "Cred", "Cred\Cred.csproj", "{5FF050A6-7784-4D5D-859E-7B9081FFC01E}"
EndProject
Project("{FAE04EC0-301F-11D3-BF4B-00C04F79EFBC}") = "CredLogin", "CredLogin\CredLogin.csproj", "{2ACE7A8C-7E38-4D86-9299-E62864F64680}"
EndProject
Project("{FAE04EC0-301F-11D3-BF4B-00C04F79EFBC}") = "Test", "Test\Test.csproj", "{EFFAC29E-9B07-40B4-B1C0-A995EEB11F90}"
EndProject
Global
	GlobalSection(SolutionConfigurationPlatforms) = preSolution
		Debug|Any CPU = Debug|Any CPU
		Release|Any CPU = Release|Any CPU
	EndGlobalSection
	GlobalSection(ProjectConfigurationPlatforms) = postSolution
		{5FF050A6-7784-4D5D-859E-7B9081FFC01E}.Debug|Any CPU.ActiveCfg = Debug|Any CPU
		{5FF050A6-7784-4D5D-859E-7B9081FFC01E}.Debug|Any CPU.Build.0 = Debug|Any CPU
		{5FF050A6-7784-4D5D-859E-7B9081FFC01E}.Release|Any CPU.ActiveCfg = Release|Any CPU
		{5FF050A6-7784-4D5D-859E-7B9081FFC01E}.Release|Any CPU.Build.0 = Release|Any CPU
		{2ACE7A8C-7E38-4D86-9299-E62864F64680}.Debug|Any CPU.ActiveCfg = Debug|Any CPU
		{2ACE7A8C-7E38-4D86-9299-E62864F64680}.Debug|Any CPU.Build.0 = Debug|Any CPU
		{2ACE7A8C-7E38-4D86-9299-E62864F64680}.Release|Any CPU.ActiveCfg = Release|Any CPU
		{2ACE7A8C-7E38-4D86-9299-E62864F64680}.Release|Any CPU.Build.0 = Release|Any CPU
		{EFFAC29E-9B07-40B4-B1C0-A995EEB11F90}.Debug|Any CPU.ActiveCfg = Debug|Any CPU
		{EFFAC29E-9B07-40B4-B1C0-A995EEB11F90}.Debug|Any CPU.Build.0 = Debug|Any CPU
		{EFFAC29E-9B07-40B4-B1C0-A995EEB11F90}.Release|Any CPU.ActiveCfg = Release|Any CPU
		{EFFAC29E-9B07-40B4-B1C0-A995EEB11F90}.Release|Any CPU.Build.0 = Release|Any CPU
	EndGlobalSection
	GlobalSection(SolutionProperties) = preSolution
		HideSolutionNode = FALSE
	EndGlobalSection
	GlobalSection(ExtensibilityGlobals) = postSolution
		SolutionGuid = {EF1DB900-1503-40CF-A3C2-81F7BA6C042B}
	EndGlobalSection
EndGlobal
